// !$*UTF8*$!
{
	archiveVersion = 1;
	classes = {
	};
	objectVersion = 56;
	objects = {

/* Begin PBXBuildFile section */
		DE5052FC2AB0E7370045AE3A /* LoginViewModel.swift in Sources */ = {isa = PBXBuildFile; fileRef = DE5052FB2AB0E7370045AE3A /* LoginViewModel.swift */; };
		DE5052FF2AB0E8490045AE3A /* Observable.swift in Sources */ = {isa = PBXBuildFile; fileRef = DE5052FE2AB0E8490045AE3A /* Observable.swift */; };
		DE86EEAD2A9786BB00709CA7 /* AppDelegate.swift in Sources */ = {isa = PBXBuildFile; fileRef = DE86EEAC2A9786BB00709CA7 /* AppDelegate.swift */; };
		DE86EEAF2A9786BB00709CA7 /* SceneDelegate.swift in Sources */ = {isa = PBXBuildFile; fileRef = DE86EEAE2A9786BB00709CA7 /* SceneDelegate.swift */; };
		DE86EEB12A9786BB00709CA7 /* LoginViewController.swift in Sources */ = {isa = PBXBuildFile; fileRef = DE86EEB02A9786BB00709CA7 /* LoginViewController.swift */; };
		DE86EEB62A9786BB00709CA7 /* Assets.xcassets in Resources */ = {isa = PBXBuildFile; fileRef = DE86EEB52A9786BB00709CA7 /* Assets.xcassets */; };
		DE86EEB92A9786BB00709CA7 /* LaunchScreen.storyboard in Resources */ = {isa = PBXBuildFile; fileRef = DE86EEB72A9786BB00709CA7 /* LaunchScreen.storyboard */; };
		DE86EEC22A978BC000709CA7 /* SignInfoTextField.swift in Sources */ = {isa = PBXBuildFile; fileRef = DE86EEC12A978BC000709CA7 /* SignInfoTextField.swift */; };
		DE86EEC52A97982E00709CA7 /* SnapKit in Frameworks */ = {isa = PBXBuildFile; productRef = DE86EEC42A97982E00709CA7 /* SnapKit */; };
		DE86EEC72A97B81900709CA7 /* Constant.swift in Sources */ = {isa = PBXBuildFile; fileRef = DE86EEC62A97B81900709CA7 /* Constant.swift */; };
/* End PBXBuildFile section */

/* Begin PBXFileReference section */
		DE5052FB2AB0E7370045AE3A /* LoginViewModel.swift */ = {isa = PBXFileReference; lastKnownFileType = sourcecode.swift; path = LoginViewModel.swift; sourceTree = "<group>"; };
		DE5052FE2AB0E8490045AE3A /* Observable.swift */ = {isa = PBXFileReference; lastKnownFileType = sourcecode.swift; path = Observable.swift; sourceTree = "<group>"; };
		DE86EEA92A9786BB00709CA7 /* LoginProject.app */ = {isa = PBXFileReference; explicitFileType = wrapper.application; includeInIndex = 0; path = LoginProject.app; sourceTree = BUILT_PRODUCTS_DIR; };
		DE86EEAC2A9786BB00709CA7 /* AppDelegate.swift */ = {isa = PBXFileReference; lastKnownFileType = sourcecode.swift; path = AppDelegate.swift; sourceTree = "<group>"; };
		DE86EEAE2A9786BB00709CA7 /* SceneDelegate.swift */ = {isa = PBXFileReference; lastKnownFileType = sourcecode.swift; path = SceneDelegate.swift; sourceTree = "<group>"; };
		DE86EEB02A9786BB00709CA7 /* LoginViewController.swift */ = {isa = PBXFileReference; lastKnownFileType = sourcecode.swift; path = LoginViewController.swift; sourceTree = "<group>"; };
		DE86EEB52A9786BB00709CA7 /* Assets.xcassets */ = {isa = PBXFileReference; lastKnownFileType = folder.assetcatalog; path = Assets.xcassets; sourceTree = "<group>"; };
		DE86EEB82A9786BB00709CA7 /* Base */ = {isa = PBXFileReference; lastKnownFileType = file.storyboard; name = Base; path = Base.lproj/LaunchScreen.storyboard; sourceTree = "<group>"; };
		DE86EEBA2A9786BB00709CA7 /* Info.plist */ = {isa = PBXFileReference; lastKnownFileType = text.plist.xml; path = Info.plist; sourceTree = "<group>"; };
		DE86EEC12A978BC000709CA7 /* SignInfoTextField.swift */ = {isa = PBXFileReference; lastKnownFileType = sourcecode.swift; path = SignInfoTextField.swift; sourceTree = "<group>"; };
		DE86EEC62A97B81900709CA7 /* Constant.swift */ = {isa = PBXFileReference; lastKnownFileType = sourcecode.swift; path = Constant.swift; sourceTree = "<group>"; };
/* End PBXFileReference section */

/* Begin PBXFrameworksBuildPhase section */
		DE86EEA62A9786BB00709CA7 /* Frameworks */ = {
			isa = PBXFrameworksBuildPhase;
			buildActionMask = 2147483647;
			files = (
				DE86EEC52A97982E00709CA7 /* SnapKit in Frameworks */,
			);
			runOnlyForDeploymentPostprocessing = 0;
		};
/* End PBXFrameworksBuildPhase section */

/* Begin PBXGroup section */
		DE5052F52AB0E56D0045AE3A /* App */ = {
			isa = PBXGroup;
			children = (
				DE86EEAC2A9786BB00709CA7 /* AppDelegate.swift */,
				DE86EEAE2A9786BB00709CA7 /* SceneDelegate.swift */,
			);
			path = App;
			sourceTree = "<group>";
		};
		DE5052F62AB0E57A0045AE3A /* Views */ = {
			isa = PBXGroup;
			children = (
				DE86EEB02A9786BB00709CA7 /* LoginViewController.swift */,
			);
			path = Views;
			sourceTree = "<group>";
		};
		DE5052F92AB0E5AE0045AE3A /* Models */ = {
			isa = PBXGroup;
			children = (
			);
			path = Models;
			sourceTree = "<group>";
		};
		DE5052FA2AB0E5B80045AE3A /* ViewModels */ = {
			isa = PBXGroup;
			children = (
				DE5052FB2AB0E7370045AE3A /* LoginViewModel.swift */,
			);
			path = ViewModels;
			sourceTree = "<group>";
		};
		DE5052FD2AB0E83B0045AE3A /* Observable */ = {
			isa = PBXGroup;
			children = (
				DE5052FE2AB0E8490045AE3A /* Observable.swift */,
			);
			path = Observable;
			sourceTree = "<group>";
		};
		DE86EEA02A9786BB00709CA7 = {
			isa = PBXGroup;
			children = (
				DE86EEAB2A9786BB00709CA7 /* LoginProject */,
				DE86EEAA2A9786BB00709CA7 /* Products */,
			);
			sourceTree = "<group>";
		};
		DE86EEAA2A9786BB00709CA7 /* Products */ = {
			isa = PBXGroup;
			children = (
				DE86EEA92A9786BB00709CA7 /* LoginProject.app */,
			);
			name = Products;
			sourceTree = "<group>";
		};
		DE86EEAB2A9786BB00709CA7 /* LoginProject */ = {
			isa = PBXGroup;
			children = (
				DE5052F52AB0E56D0045AE3A /* App */,
				DE5052FD2AB0E83B0045AE3A /* Observable */,
				DE86EEC02A97886F00709CA7 /* CustomDesignComponents */,
				DE5052F92AB0E5AE0045AE3A /* Models */,
				DE5052FA2AB0E5B80045AE3A /* ViewModels */,
				DE5052F62AB0E57A0045AE3A /* Views */,
				DE86EEC62A97B81900709CA7 /* Constant.swift */,
				DE86EEB52A9786BB00709CA7 /* Assets.xcassets */,
				DE86EEB72A9786BB00709CA7 /* LaunchScreen.storyboard */,
				DE86EEBA2A9786BB00709CA7 /* Info.plist */,
			);
			path = LoginProject;
			sourceTree = "<group>";
		};
		DE86EEC02A97886F00709CA7 /* CustomDesignComponents */ = {
			isa = PBXGroup;
			children = (
				DE86EEC12A978BC000709CA7 /* SignInfoTextField.swift */,
			);
			path = CustomDesignComponents;
			sourceTree = "<group>";
		};
/* End PBXGroup section */

/* Begin PBXNativeTarget section */
		DE86EEA82A9786BB00709CA7 /* LoginProject */ = {
			isa = PBXNativeTarget;
			buildConfigurationList = DE86EEBD2A9786BB00709CA7 /* Build configuration list for PBXNativeTarget "LoginProject" */;
			buildPhases = (
				DE86EEA52A9786BB00709CA7 /* Sources */,
				DE86EEA62A9786BB00709CA7 /* Frameworks */,
				DE86EEA72A9786BB00709CA7 /* Resources */,
			);
			buildRules = (
			);
			dependencies = (
			);
			name = LoginProject;
			packageProductDependencies = (
				DE86EEC42A97982E00709CA7 /* SnapKit */,
			);
			productName = CustomViewPractice;
			productReference = DE86EEA92A9786BB00709CA7 /* LoginProject.app */;
			productType = "com.apple.product-type.application";
		};
/* End PBXNativeTarget section */

/* Begin PBXProject section */
		DE86EEA12A9786BB00709CA7 /* Project object */ = {
			isa = PBXProject;
			attributes = {
				BuildIndependentTargetsInParallel = 1;
				LastSwiftUpdateCheck = 1430;
				LastUpgradeCheck = 1430;
				TargetAttributes = {
					DE86EEA82A9786BB00709CA7 = {
						CreatedOnToolsVersion = 14.3.1;
					};
				};
			};
			buildConfigurationList = DE86EEA42A9786BB00709CA7 /* Build configuration list for PBXProject "LoginProject" */;
			compatibilityVersion = "Xcode 14.0";
			developmentRegion = en;
			hasScannedForEncodings = 0;
			knownRegions = (
				en,
				Base,
			);
			mainGroup = DE86EEA02A9786BB00709CA7;
			packageReferences = (
				DE86EEC32A97982E00709CA7 /* XCRemoteSwiftPackageReference "SnapKit" */,
			);
			productRefGroup = DE86EEAA2A9786BB00709CA7 /* Products */;
			projectDirPath = "";
			projectRoot = "";
			targets = (
				DE86EEA82A9786BB00709CA7 /* LoginProject */,
			);
		};
/* End PBXProject section */

/* Begin PBXResourcesBuildPhase section */
		DE86EEA72A9786BB00709CA7 /* Resources */ = {
			isa = PBXResourcesBuildPhase;
			buildActionMask = 2147483647;
			files = (
				DE86EEB92A9786BB00709CA7 /* LaunchScreen.storyboard in Resources */,
				DE86EEB62A9786BB00709CA7 /* Assets.xcassets in Resources */,
			);
			runOnlyForDeploymentPostprocessing = 0;
		};
/* End PBXResourcesBuildPhase section */

/* Begin PBXSourcesBuildPhase section */
		DE86EEA52A9786BB00709CA7 /* Sources */ = {
			isa = PBXSourcesBuildPhase;
			buildActionMask = 2147483647;
			files = (
				DE86EEC22A978BC000709CA7 /* SignInfoTextField.swift in Sources */,
				DE86EEB12A9786BB00709CA7 /* LoginViewController.swift in Sources */,
				DE86EEC72A97B81900709CA7 /* Constant.swift in Sources */,
				DE5052FF2AB0E8490045AE3A /* Observable.swift in Sources */,
				DE86EEAD2A9786BB00709CA7 /* AppDelegate.swift in Sources */,
				DE5052FC2AB0E7370045AE3A /* LoginViewModel.swift in Sources */,
				DE86EEAF2A9786BB00709CA7 /* SceneDelegate.swift in Sources */,
			);
			runOnlyForDeploymentPostprocessing = 0;
		};
/* End PBXSourcesBuildPhase section */

/* Begin PBXVariantGroup section */
		DE86EEB72A9786BB00709CA7 /* LaunchScreen.storyboard */ = {
			isa = PBXVariantGroup;
			children = (
				DE86EEB82A9786BB00709CA7 /* Base */,
			);
			name = LaunchScreen.storyboard;
			sourceTree = "<group>";
		};
/* End PBXVariantGroup section */

/* Begin XCBuildConfiguration section */
		DE86EEBB2A9786BB00709CA7 /* Debug */ = {
			isa = XCBuildConfiguration;
			buildSettings = {
				ALWAYS_SEARCH_USER_PATHS = NO;
				CLANG_ANALYZER_NONNULL = YES;
				CLANG_ANALYZER_NUMBER_OBJECT_CONVERSION = YES_AGGRESSIVE;
				CLANG_CXX_LANGUAGE_STANDARD = "gnu++20";
				CLANG_ENABLE_MODULES = YES;
				CLANG_ENABLE_OBJC_ARC = YES;
				CLANG_ENABLE_OBJC_WEAK = YES;
				CLANG_WARN_BLOCK_CAPTURE_AUTORELEASING = YES;
				CLANG_WARN_BOOL_CONVERSION = YES;
				CLANG_WARN_COMMA = YES;
				CLANG_WARN_CONSTANT_CONVERSION = YES;
				CLANG_WARN_DEPRECATED_OBJC_IMPLEMENTATIONS = YES;
				CLANG_WARN_DIRECT_OBJC_ISA_USAGE = YES_ERROR;
				CLANG_WARN_DOCUMENTATION_COMMENTS = YES;
				CLANG_WARN_EMPTY_BODY = YES;
				CLANG_WARN_ENUM_CONVERSION = YES;
				CLANG_WARN_INFINITE_RECURSION = YES;
				CLANG_WARN_INT_CONVERSION = YES;
				CLANG_WARN_NON_LITERAL_NULL_CONVERSION = YES;
				CLANG_WARN_OBJC_IMPLICIT_RETAIN_SELF = YES;
				CLANG_WARN_OBJC_LITERAL_CONVERSION = YES;
				CLANG_WARN_OBJC_ROOT_CLASS = YES_ERROR;
				CLANG_WARN_QUOTED_INCLUDE_IN_FRAMEWORK_HEADER = YES;
				CLANG_WARN_RANGE_LOOP_ANALYSIS = YES;
				CLANG_WARN_STRICT_PROTOTYPES = YES;
				CLANG_WARN_SUSPICIOUS_MOVE = YES;
				CLANG_WARN_UNGUARDED_AVAILABILITY = YES_AGGRESSIVE;
				CLANG_WARN_UNREACHABLE_CODE = YES;
				CLANG_WARN__DUPLICATE_METHOD_MATCH = YES;
				COPY_PHASE_STRIP = NO;
				DEBUG_INFORMATION_FORMAT = dwarf;
				ENABLE_STRICT_OBJC_MSGSEND = YES;
				ENABLE_TESTABILITY = YES;
				GCC_C_LANGUAGE_STANDARD = gnu11;
				GCC_DYNAMIC_NO_PIC = NO;
				GCC_NO_COMMON_BLOCKS = YES;
				GCC_OPTIMIZATION_LEVEL = 0;
				GCC_PREPROCESSOR_DEFINITIONS = (
					"DEBUG=1",
					"$(inherited)",
				);
				GCC_WARN_64_TO_32_BIT_CONVERSION = YES;
				GCC_WARN_ABOUT_RETURN_TYPE = YES_ERROR;
				GCC_WARN_UNDECLARED_SELECTOR = YES;
				GCC_WARN_UNINITIALIZED_AUTOS = YES_AGGRESSIVE;
				GCC_WARN_UNUSED_FUNCTION = YES;
				GCC_WARN_UNUSED_VARIABLE = YES;
				IPHONEOS_DEPLOYMENT_TARGET = 16.4;
				MTL_ENABLE_DEBUG_INFO = INCLUDE_SOURCE;
				MTL_FAST_MATH = YES;
				ONLY_ACTIVE_ARCH = YES;
				SDKROOT = iphoneos;
				SWIFT_ACTIVE_COMPILATION_CONDITIONS = DEBUG;
				SWIFT_OPTIMIZATION_LEVEL = "-Onone";
			};
			name = Debug;
		};
		DE86EEBC2A9786BB00709CA7 /* Release */ = {
			isa = XCBuildConfiguration;
			buildSettings = {
				ALWAYS_SEARCH_USER_PATHS = NO;
				CLANG_ANALYZER_NONNULL = YES;
				CLANG_ANALYZER_NUMBER_OBJECT_CONVERSION = YES_AGGRESSIVE;
				CLANG_CXX_LANGUAGE_STANDARD = "gnu++20";
				CLANG_ENABLE_MODULES = YES;
				CLANG_ENABLE_OBJC_ARC = YES;
				CLANG_ENABLE_OBJC_WEAK = YES;
				CLANG_WARN_BLOCK_CAPTURE_AUTORELEASING = YES;
				CLANG_WARN_BOOL_CONVERSION = YES;
				CLANG_WARN_COMMA = YES;
				CLANG_WARN_CONSTANT_CONVERSION = YES;
				CLANG_WARN_DEPRECATED_OBJC_IMPLEMENTATIONS = YES;
				CLANG_WARN_DIRECT_OBJC_ISA_USAGE = YES_ERROR;
				CLANG_WARN_DOCUMENTATION_COMMENTS = YES;
				CLANG_WARN_EMPTY_BODY = YES;
				CLANG_WARN_ENUM_CONVERSION = YES;
				CLANG_WARN_INFINITE_RECURSION = YES;
				CLANG_WARN_INT_CONVERSION = YES;
				CLANG_WARN_NON_LITERAL_NULL_CONVERSION = YES;
				CLANG_WARN_OBJC_IMPLICIT_RETAIN_SELF = YES;
				CLANG_WARN_OBJC_LITERAL_CONVERSION = YES;
				CLANG_WARN_OBJC_ROOT_CLASS = YES_ERROR;
				CLANG_WARN_QUOTED_INCLUDE_IN_FRAMEWORK_HEADER = YES;
				CLANG_WARN_RANGE_LOOP_ANALYSIS = YES;
				CLANG_WARN_STRICT_PROTOTYPES = YES;
				CLANG_WARN_SUSPICIOUS_MOVE = YES;
				CLANG_WARN_UNGUARDED_AVAILABILITY = YES_AGGRESSIVE;
				CLANG_WARN_UNREACHABLE_CODE = YES;
				CLANG_WARN__DUPLICATE_METHOD_MATCH = YES;
				COPY_PHASE_STRIP = NO;
				DEBUG_INFORMATION_FORMAT = "dwarf-with-dsym";
				ENABLE_NS_ASSERTIONS = NO;
				ENABLE_STRICT_OBJC_MSGSEND = YES;
				GCC_C_LANGUAGE_STANDARD = gnu11;
				GCC_NO_COMMON_BLOCKS = YES;
				GCC_WARN_64_TO_32_BIT_CONVERSION = YES;
				GCC_WARN_ABOUT_RETURN_TYPE = YES_ERROR;
				GCC_WARN_UNDECLARED_SELECTOR = YES;
				GCC_WARN_UNINITIALIZED_AUTOS = YES_AGGRESSIVE;
				GCC_WARN_UNUSED_FUNCTION = YES;
				GCC_WARN_UNUSED_VARIABLE = YES;
				IPHONEOS_DEPLOYMENT_TARGET = 16.4;
				MTL_ENABLE_DEBUG_INFO = NO;
				MTL_FAST_MATH = YES;
				SDKROOT = iphoneos;
				SWIFT_COMPILATION_MODE = wholemodule;
				SWIFT_OPTIMIZATION_LEVEL = "-O";
				VALIDATE_PRODUCT = YES;
			};
			name = Release;
		};
		DE86EEBE2A9786BB00709CA7 /* Debug */ = {
			isa = XCBuildConfiguration;
			buildSettings = {
				ASSETCATALOG_COMPILER_APPICON_NAME = AppIcon;
				ASSETCATALOG_COMPILER_GLOBAL_ACCENT_COLOR_NAME = AccentColor;
				CODE_SIGN_STYLE = Automatic;
				CURRENT_PROJECT_VERSION = 1;
				DEVELOPMENT_TEAM = R5RPU2QP33;
				GENERATE_INFOPLIST_FILE = YES;
				INFOPLIST_FILE = LoginProject/Info.plist;
				INFOPLIST_KEY_UIApplicationSupportsIndirectInputEvents = YES;
				INFOPLIST_KEY_UILaunchStoryboardName = LaunchScreen;
				INFOPLIST_KEY_UISupportedInterfaceOrientations_iPad = "UIInterfaceOrientationPortrait UIInterfaceOrientationPortraitUpsideDown UIInterfaceOrientationLandscapeLeft UIInterfaceOrientationLandscapeRight";
				INFOPLIST_KEY_UISupportedInterfaceOrientations_iPhone = "UIInterfaceOrientationPortrait UIInterfaceOrientationLandscapeLeft UIInterfaceOrientationLandscapeRight";
				LD_RUNPATH_SEARCH_PATHS = (
					"$(inherited)",
					"@executable_path/Frameworks",
				);
				MARKETING_VERSION = 1.0;
				PRODUCT_BUNDLE_IDENTIFIER = unicus.fortis.CustomViewPractice;
				PRODUCT_NAME = "$(TARGET_NAME)";
				SUPPORTED_PLATFORMS = "iphoneos iphonesimulator";
				SUPPORTS_MACCATALYST = NO;
				SUPPORTS_MAC_DESIGNED_FOR_IPHONE_IPAD = NO;
				SWIFT_EMIT_LOC_STRINGS = YES;
				SWIFT_VERSION = 5.0;
				TARGETED_DEVICE_FAMILY = 1;
			};
			name = Debug;
		};
		DE86EEBF2A9786BB00709CA7 /* Release */ = {
			isa = XCBuildConfiguration;
			buildSettings = {
				ASSETCATALOG_COMPILER_APPICON_NAME = AppIcon;
				ASSETCATALOG_COMPILER_GLOBAL_ACCENT_COLOR_NAME = AccentColor;
				CODE_SIGN_STYLE = Automatic;
				CURRENT_PROJECT_VERSION = 1;
				DEVELOPMENT_TEAM = R5RPU2QP33;
				GENERATE_INFOPLIST_FILE = YES;
				INFOPLIST_FILE = LoginProject/Info.plist;
				INFOPLIST_KEY_UIApplicationSupportsIndirectInputEvents = YES;
				INFOPLIST_KEY_UILaunchStoryboardName = LaunchScreen;
				INFOPLIST_KEY_UISupportedInterfaceOrientations_iPad = "UIInterfaceOrientationPortrait UIInterfaceOrientationPortraitUpsideDown UIInterfaceOrientationLandscapeLeft UIInterfaceOrientationLandscapeRight";
				INFOPLIST_KEY_UISupportedInterfaceOrientations_iPhone = "UIInterfaceOrientationPortrait UIInterfaceOrientationLandscapeLeft UIInterfaceOrientationLandscapeRight";
				LD_RUNPATH_SEARCH_PATHS = (
					"$(inherited)",
					"@executable_path/Frameworks",
				);
				MARKETING_VERSION = 1.0;
				PRODUCT_BUNDLE_IDENTIFIER = unicus.fortis.CustomViewPractice;
				PRODUCT_NAME = "$(TARGET_NAME)";
				SUPPORTED_PLATFORMS = "iphoneos iphonesimulator";
				SUPPORTS_MACCATALYST = NO;
				SUPPORTS_MAC_DESIGNED_FOR_IPHONE_IPAD = NO;
				SWIFT_EMIT_LOC_STRINGS = YES;
				SWIFT_VERSION = 5.0;
				TARGETED_DEVICE_FAMILY = 1;
			};
			name = Release;
		};
/* End XCBuildConfiguration section */

/* Begin XCConfigurationList section */
		DE86EEA42A9786BB00709CA7 /* Build configuration list for PBXProject "LoginProject" */ = {
			isa = XCConfigurationList;
			buildConfigurations = (
				DE86EEBB2A9786BB00709CA7 /* Debug */,
				DE86EEBC2A9786BB00709CA7 /* Release */,
			);
			defaultConfigurationIsVisible = 0;
			defaultConfigurationName = Release;
		};
		DE86EEBD2A9786BB00709CA7 /* Build configuration list for PBXNativeTarget "LoginProject" */ = {
			isa = XCConfigurationList;
			buildConfigurations = (
				DE86EEBE2A9786BB00709CA7 /* Debug */,
				DE86EEBF2A9786BB00709CA7 /* Release */,
			);
			defaultConfigurationIsVisible = 0;
			defaultConfigurationName = Release;
		};
/* End XCConfigurationList section */

/* Begin XCRemoteSwiftPackageReference section */
		DE86EEC32A97982E00709CA7 /* XCRemoteSwiftPackageReference "SnapKit" */ = {
			isa = XCRemoteSwiftPackageReference;
			repositoryURL = "https://github.com/SnapKit/SnapKit";
			requirement = {
				kind = upToNextMajorVersion;
				minimumVersion = 5.0.0;
			};
		};
/* End XCRemoteSwiftPackageReference section */

/* Begin XCSwiftPackageProductDependency section */
		DE86EEC42A97982E00709CA7 /* SnapKit */ = {
			isa = XCSwiftPackageProductDependency;
			package = DE86EEC32A97982E00709CA7 /* XCRemoteSwiftPackageReference "SnapKit" */;
			productName = SnapKit;
		};
/* End XCSwiftPackageProductDependency section */
	};
	rootObject = DE86EEA12A9786BB00709CA7 /* Project object */;
}
